{
  "name": "vue-katex",
  "version": "0.1.0",
  "lockfileVersion": 1,
  "requires": true,
  "dependencies": {
    "katex": {
      "version": "0.9.0-alpha2",
      "resolved": "https://registry.npmjs.org/katex/-/katex-0.9.0-alpha2.tgz",
      "integrity": "sha512-Hih2oCEEU3MRy+iHjA/tbvSKA+f93VliWA2jAYpGPR6MoMX1JzIy+Zc8ZnP4n45M8BC1ktDhWDCaQ/0CkJhXLg==",
      "requires": {
        "match-at": "0.1.1"
      }
    },
    "match-at": {
      "version": "0.1.1",
      "resolved": "https://registry.npmjs.org/match-at/-/match-at-0.1.1.tgz",
      "integrity": "sha512-h4Yd392z9mST+dzc+yjuybOGFNOZjmXIPKWjxBd1Bb23r4SmDOsk2NYCU2BMUBGbSpZqwVsZYNq26QS3xfaT3Q=="
    }
  }
}
