# THIS IS AN AUTOGENERATED FILE. DO NOT EDIT THIS FILE DIRECTLY.
# yarn lockfile v1


katex@^0.9.0-alpha2:
  version "0.9.0-alpha2"
  resolved "https://registry.yarnpkg.com/katex/-/katex-0.9.0-alpha2.tgz#f559e8bb32969082d735d949960b7df133fd5831"
  dependencies:
    match-at "^0.1.1"

match-at@^0.1.1:
  version "0.1.1"
  resolved "https://registry.yarnpkg.com/match-at/-/match-at-0.1.1.tgz#25d040d291777704d5e6556bbb79230ec2de0540"
