# THIS IS AN AUTOGENERATED FILE. DO NOT EDIT THIS FILE DIRECTLY.
# yarn lockfile v1


commander@^2.16.0:
  version "2.19.0"
  resolved "https://registry.yarnpkg.com/commander/-/commander-2.19.0.tgz#f6198aa84e5b83c46054b94ddedbfed5ee9ff12a"

katex@0.10.0:
  version "0.10.0"
  resolved "https://registry.yarnpkg.com/katex/-/katex-0.10.0.tgz#da562e5d0d5cc3aa602e27af8a9b8710bfbce765"
  dependencies:
    commander "^2.16.0"
